
Microsoft Visual Studio Solution File, Format Version 12.00
# Visual Studio Version 16
VisualStudioVersion = 16.0.30104.148
MinimumVisualStudioVersion = 10.0.40219.1
Project("{FAE04EC0-301F-11D3-BF4B-00C04F79EFBC}") = "TestGitRepo", "TestGitRepo\TestGitRepo.csproj", "{420031FD-A70D-411C-A49B-E78D1A46C0C5}"
EndProject
Global
	GlobalSection(SolutionConfigurationPlatforms) = preSolution
		Debug|Any CPU = Debug|Any CPU
		Release|Any CPU = Release|Any CPU
	EndGlobalSection
	GlobalSection(ProjectConfigurationPlatforms) = postSolution
		{420031FD-A70D-411C-A49B-E78D1A46C0C5}.Debug|Any CPU.ActiveCfg = Debug|Any CPU
		{420031FD-A70D-411C-A49B-E78D1A46C0C5}.Debug|Any CPU.Build.0 = Debug|Any CPU
		{420031FD-A70D-411C-A49B-E78D1A46C0C5}.Release|Any CPU.ActiveCfg = Release|Any CPU
		{420031FD-A70D-411C-A49B-E78D1A46C0C5}.Release|Any CPU.Build.0 = Release|Any CPU
	EndGlobalSection
	GlobalSection(SolutionProperties) = preSolution
		HideSolutionNode = FALSE
	EndGlobalSection
	GlobalSection(ExtensibilityGlobals) = postSolution
		SolutionGuid = {06403CF0-1289-47B7-8D1A-5CC5301CA3DB}
	EndGlobalSection
EndGlobal
